// !$*UTF8*$!
{
	archiveVersion = 1;
	classes = {
	};
	objectVersion = 46;
	objects = {

/* Begin PBXBuildFile section */
		D79A74BD1C36B54F00DBA386 /* main.cpp in Sources */ = {isa = PBXBuildFile; fileRef = D79A74BB1C36B54F00DBA386 /* main.cpp */; };
		D79A74C31C36B5F100DBA386 /* image.cpp in Sources */ = {isa = PBXBuildFile; fileRef = D79A74C11C36B5F100DBA386 /* image.cpp */; };
		D79A74C61C36B6C200DBA386 /* stb_image.c in Sources */ = {isa = PBXBuildFile; fileRef = D79A74C41C36B6C200DBA386 /* stb_image.c */; };
		D7B0C5B11C37912400B73DA5 /* font.cpp in Sources */ = {isa = PBXBuildFile; fileRef = D7B0C5AF1C37912400B73DA5 /* font.cpp */; };
/* End PBXBuildFile section */

/* Begin PBXCopyFilesBuildPhase section */
		D79A74AE1C36B52200DBA386 /* CopyFiles */ = {
			isa = PBXCopyFilesBuildPhase;
			buildActionMask = 2147483647;
			dstPath = /usr/share/man/man1/;
			dstSubfolderSpec = 0;
			files = (
			);
			runOnlyForDeploymentPostprocessing = 1;
		};
/* End PBXCopyFilesBuildPhase section */

/* Begin PBXFileReference section */
		D79A74B01C36B52200DBA386 /* ASCII-Art */ = {isa = PBXFileReference; explicitFileType = "compiled.mach-o.executable"; includeInIndex = 0; path = "ASCII-Art"; sourceTree = BUILT_PRODUCTS_DIR; };
		D79A74BB1C36B54F00DBA386 /* main.cpp */ = {isa = PBXFileReference; fileEncoding = 4; lastKnownFileType = sourcecode.cpp.cpp; path = main.cpp; sourceTree = "<group>"; };
		D79A74C11C36B5F100DBA386 /* image.cpp */ = {isa = PBXFileReference; fileEncoding = 4; lastKnownFileType = sourcecode.cpp.cpp; path = image.cpp; sourceTree = "<group>"; };
		D79A74C21C36B5F100DBA386 /* image.hpp */ = {isa = PBXFileReference; fileEncoding = 4; lastKnownFileType = sourcecode.cpp.h; path = image.hpp; sourceTree = "<group>"; };
		D79A74C41C36B6C200DBA386 /* stb_image.c */ = {isa = PBXFileReference; fileEncoding = 4; lastKnownFileType = sourcecode.c.c; path = stb_image.c; sourceTree = "<group>"; };
		D79A74C51C36B6C200DBA386 /* stb_image.h */ = {isa = PBXFileReference; fileEncoding = 4; lastKnownFileType = sourcecode.c.h; path = stb_image.h; sourceTree = "<group>"; };
		D7B0C5AF1C37912400B73DA5 /* font.cpp */ = {isa = PBXFileReference; fileEncoding = 4; lastKnownFileType = sourcecode.cpp.cpp; path = font.cpp; sourceTree = "<group>"; };
		D7B0C5B01C37912400B73DA5 /* font.hpp */ = {isa = PBXFileReference; fileEncoding = 4; lastKnownFileType = sourcecode.cpp.h; path = font.hpp; sourceTree = "<group>"; };
		D7B0C5B21C3902F400B73DA5 /* stb_truetype.h */ = {isa = PBXFileReference; fileEncoding = 4; lastKnownFileType = sourcecode.c.h; path = stb_truetype.h; sourceTree = "<group>"; };
/* End PBXFileReference section */

/* Begin PBXFrameworksBuildPhase section */
		D79A74AD1C36B52200DBA386 /* Frameworks */ = {
			isa = PBXFrameworksBuildPhase;
			buildActionMask = 2147483647;
			files = (
			);
			runOnlyForDeploymentPostprocessing = 0;
		};
/* End PBXFrameworksBuildPhase section */

/* Begin PBXGroup section */
		D79A74A71C36B52200DBA386 = {
			isa = PBXGroup;
			children = (
				D79A74BA1C36B54200DBA386 /* src */,
				D79A74B11C36B52200DBA386 /* Products */,
			);
			sourceTree = "<group>";
		};
		D79A74B11C36B52200DBA386 /* Products */ = {
			isa = PBXGroup;
			children = (
				D79A74B01C36B52200DBA386 /* ASCII-Art */,
			);
			name = Products;
			sourceTree = "<group>";
		};
		D79A74BA1C36B54200DBA386 /* src */ = {
			isa = PBXGroup;
			children = (
				D7B0C5B21C3902F400B73DA5 /* stb_truetype.h */,
				D79A74C41C36B6C200DBA386 /* stb_image.c */,
				D79A74C51C36B6C200DBA386 /* stb_image.h */,
				D79A74BB1C36B54F00DBA386 /* main.cpp */,
				D79A74C11C36B5F100DBA386 /* image.cpp */,
				D79A74C21C36B5F100DBA386 /* image.hpp */,
				D7B0C5AF1C37912400B73DA5 /* font.cpp */,
				D7B0C5B01C37912400B73DA5 /* font.hpp */,
			);
			path = src;
			sourceTree = "<group>";
		};
/* End PBXGroup section */

/* Begin PBXNativeTarget section */
		D79A74AF1C36B52200DBA386 /* ASCII-Art */ = {
			isa = PBXNativeTarget;
			buildConfigurationList = D79A74B71C36B52200DBA386 /* Build configuration list for PBXNativeTarget "ASCII-Art" */;
			buildPhases = (
				D79A74AC1C36B52200DBA386 /* Sources */,
				D79A74AD1C36B52200DBA386 /* Frameworks */,
				D79A74AE1C36B52200DBA386 /* CopyFiles */,
			);
			buildRules = (
			);
			dependencies = (
			);
			name = "ASCII-Art";
			productName = "ASCII-Art";
			productReference = D79A74B01C36B52200DBA386 /* ASCII-Art */;
			productType = "com.apple.product-type.tool";
		};
/* End PBXNativeTarget section */

/* Begin PBXProject section */
		D79A74A81C36B52200DBA386 /* Project object */ = {
			isa = PBXProject;
			attributes = {
				LastUpgradeCheck = 0720;
				ORGANIZATIONNAME = "Leonard Vollmann";
				TargetAttributes = {
					D79A74AF1C36B52200DBA386 = {
						CreatedOnToolsVersion = 7.2;
					};
				};
			};
			buildConfigurationList = D79A74AB1C36B52200DBA386 /* Build configuration list for PBXProject "ASCII-Art" */;
			compatibilityVersion = "Xcode 3.2";
			developmentRegion = English;
			hasScannedForEncodings = 0;
			knownRegions = (
				en,
			);
			mainGroup = D79A74A71C36B52200DBA386;
			productRefGroup = D79A74B11C36B52200DBA386 /* Products */;
			projectDirPath = "";
			projectRoot = "";
			targets = (
				D79A74AF1C36B52200DBA386 /* ASCII-Art */,
			);
		};
/* End PBXProject section */

/* Begin PBXSourcesBuildPhase section */
		D79A74AC1C36B52200DBA386 /* Sources */ = {
			isa = PBXSourcesBuildPhase;
			buildActionMask = 2147483647;
			files = (
				D7B0C5B11C37912400B73DA5 /* font.cpp in Sources */,
				D79A74BD1C36B54F00DBA386 /* main.cpp in Sources */,
				D79A74C31C36B5F100DBA386 /* image.cpp in Sources */,
				D79A74C61C36B6C200DBA386 /* stb_image.c in Sources */,
			);
			runOnlyForDeploymentPostprocessing = 0;
		};
/* End PBXSourcesBuildPhase section */

/* Begin XCBuildConfiguration section */
		D79A74B51C36B52200DBA386 /* Debug */ = {
			isa = XCBuildConfiguration;
			buildSettings = {
				ALWAYS_SEARCH_USER_PATHS = NO;
				CLANG_CXX_LANGUAGE_STANDARD = "gnu++0x";
				CLANG_CXX_LIBRARY = "libc++";
				CLANG_ENABLE_MODULES = YES;
				CLANG_ENABLE_OBJC_ARC = YES;
				CLANG_WARN_BOOL_CONVERSION = YES;
				CLANG_WARN_CONSTANT_CONVERSION = YES;
				CLANG_WARN_DIRECT_OBJC_ISA_USAGE = YES_ERROR;
				CLANG_WARN_EMPTY_BODY = YES;
				CLANG_WARN_ENUM_CONVERSION = YES;
				CLANG_WARN_INT_CONVERSION = YES;
				CLANG_WARN_OBJC_ROOT_CLASS = YES_ERROR;
				CLANG_WARN_UNREACHABLE_CODE = YES;
				CLANG_WARN__DUPLICATE_METHOD_MATCH = YES;
				CODE_SIGN_IDENTITY = "-";
				COPY_PHASE_STRIP = NO;
				DEBUG_INFORMATION_FORMAT = dwarf;
				ENABLE_STRICT_OBJC_MSGSEND = YES;
				ENABLE_TESTABILITY = YES;
				GCC_C_LANGUAGE_STANDARD = gnu99;
				GCC_DYNAMIC_NO_PIC = NO;
				GCC_NO_COMMON_BLOCKS = YES;
				GCC_OPTIMIZATION_LEVEL = 0;
				GCC_PREPROCESSOR_DEFINITIONS = (
					"DEBUG=1",
					"$(inherited)",
				);
				GCC_WARN_64_TO_32_BIT_CONVERSION = YES;
				GCC_WARN_ABOUT_RETURN_TYPE = YES_ERROR;
				GCC_WARN_UNDECLARED_SELECTOR = YES;
				GCC_WARN_UNINITIALIZED_AUTOS = YES_AGGRESSIVE;
				GCC_WARN_UNUSED_FUNCTION = YES;
				GCC_WARN_UNUSED_VARIABLE = YES;
				MACOSX_DEPLOYMENT_TARGET = 10.11;
				MTL_ENABLE_DEBUG_INFO = YES;
				ONLY_ACTIVE_ARCH = YES;
				SDKROOT = macosx;
			};
			name = Debug;
		};
		D79A74B61C36B52200DBA386 /* Release */ = {
			isa = XCBuildConfiguration;
			buildSettings = {
				ALWAYS_SEARCH_USER_PATHS = NO;
				CLANG_CXX_LANGUAGE_STANDARD = "gnu++0x";
				CLANG_CXX_LIBRARY = "libc++";
				CLANG_ENABLE_MODULES = YES;
				CLANG_ENABLE_OBJC_ARC = YES;
				CLANG_WARN_BOOL_CONVERSION = YES;
				CLANG_WARN_CONSTANT_CONVERSION = YES;
				CLANG_WARN_DIRECT_OBJC_ISA_USAGE = YES_ERROR;
				CLANG_WARN_EMPTY_BODY = YES;
				CLANG_WARN_ENUM_CONVERSION = YES;
				CLANG_WARN_INT_CONVERSION = YES;
				CLANG_WARN_OBJC_ROOT_CLASS = YES_ERROR;
				CLANG_WARN_UNREACHABLE_CODE = YES;
				CLANG_WARN__DUPLICATE_METHOD_MATCH = YES;
				CODE_SIGN_IDENTITY = "-";
				COPY_PHASE_STRIP = NO;
				DEBUG_INFORMATION_FORMAT = "dwarf-with-dsym";
				ENABLE_NS_ASSERTIONS = NO;
				ENABLE_STRICT_OBJC_MSGSEND = YES;
				GCC_C_LANGUAGE_STANDARD = gnu99;
				GCC_NO_COMMON_BLOCKS = YES;
				GCC_WARN_64_TO_32_BIT_CONVERSION = YES;
				GCC_WARN_ABOUT_RETURN_TYPE = YES_ERROR;
				GCC_WARN_UNDECLARED_SELECTOR = YES;
				GCC_WARN_UNINITIALIZED_AUTOS = YES_AGGRESSIVE;
				GCC_WARN_UNUSED_FUNCTION = YES;
				GCC_WARN_UNUSED_VARIABLE = YES;
				MACOSX_DEPLOYMENT_TARGET = 10.11;
				MTL_ENABLE_DEBUG_INFO = NO;
				SDKROOT = macosx;
			};
			name = Release;
		};
		D79A74B81C36B52200DBA386 /* Debug */ = {
			isa = XCBuildConfiguration;
			buildSettings = {
				PRODUCT_NAME = "$(TARGET_NAME)";
			};
			name = Debug;
		};
		D79A74B91C36B52200DBA386 /* Release */ = {
			isa = XCBuildConfiguration;
			buildSettings = {
				PRODUCT_NAME = "$(TARGET_NAME)";
			};
			name = Release;
		};
/* End XCBuildConfiguration section */

/* Begin XCConfigurationList section */
		D79A74AB1C36B52200DBA386 /* Build configuration list for PBXProject "ASCII-Art" */ = {
			isa = XCConfigurationList;
			buildConfigurations = (
				D79A74B51C36B52200DBA386 /* Debug */,
				D79A74B61C36B52200DBA386 /* Release */,
			);
			defaultConfigurationIsVisible = 0;
			defaultConfigurationName = Release;
		};
		D79A74B71C36B52200DBA386 /* Build configuration list for PBXNativeTarget "ASCII-Art" */ = {
			isa = XCConfigurationList;
			buildConfigurations = (
				D79A74B81C36B52200DBA386 /* Debug */,
				D79A74B91C36B52200DBA386 /* Release */,
			);
			defaultConfigurationIsVisible = 0;
			defaultConfigurationName = Release;
		};
/* End XCConfigurationList section */
	};
	rootObject = D79A74A81C36B52200DBA386 /* Project object */;
}
